
Microsoft Visual Studio Solution File, Format Version 12.00
# Visual Studio Version 17
VisualStudioVersion = 17.3.32819.101
MinimumVisualStudioVersion = 10.0.40219.1
Project("{FAE04EC0-301F-11D3-BF4B-00C04F79EFBC}") = "WpfApp9", "WpfApp9\WpfApp9.csproj", "{5FAE1A24-FBBB-4A14-85E5-6383825A7B42}"
EndProject
Global
	GlobalSection(SolutionConfigurationPlatforms) = preSolution
		Debug|Any CPU = Debug|Any CPU
		Release|Any CPU = Release|Any CPU
	EndGlobalSection
	GlobalSection(ProjectConfigurationPlatforms) = postSolution
		{5FAE1A24-FBBB-4A14-85E5-6383825A7B42}.Debug|Any CPU.ActiveCfg = Debug|Any CPU
		{5FAE1A24-FBBB-4A14-85E5-6383825A7B42}.Debug|Any CPU.Build.0 = Debug|Any CPU
		{5FAE1A24-FBBB-4A14-85E5-6383825A7B42}.Release|Any CPU.ActiveCfg = Release|Any CPU
		{5FAE1A24-FBBB-4A14-85E5-6383825A7B42}.Release|Any CPU.Build.0 = Release|Any CPU
	EndGlobalSection
	GlobalSection(SolutionProperties) = preSolution
		HideSolutionNode = FALSE
	EndGlobalSection
	GlobalSection(ExtensibilityGlobals) = postSolution
		SolutionGuid = {A4672A6C-0816-44D1-B501-F9655C5EC7E0}
	EndGlobalSection
EndGlobal
